
Microsoft Visual Studio Solution File, Format Version 12.00
# Visual Studio 2012
Project("{FAE04EC0-301F-11D3-BF4B-00C04F79EFBC}") = "Entero par", "Entero par\Entero par.csproj", "{C78FCF56-344D-4D83-A5E8-C00760D64794}"
EndProject
Global
	GlobalSection(SolutionConfigurationPlatforms) = preSolution
		Debug|Any CPU = Debug|Any CPU
		Release|Any CPU = Release|Any CPU
	EndGlobalSection
	GlobalSection(ProjectConfigurationPlatforms) = postSolution
		{C78FCF56-344D-4D83-A5E8-C00760D64794}.Debug|Any CPU.ActiveCfg = Debug|Any CPU
		{C78FCF56-344D-4D83-A5E8-C00760D64794}.Debug|Any CPU.Build.0 = Debug|Any CPU
		{C78FCF56-344D-4D83-A5E8-C00760D64794}.Release|Any CPU.ActiveCfg = Release|Any CPU
		{C78FCF56-344D-4D83-A5E8-C00760D64794}.Release|Any CPU.Build.0 = Release|Any CPU
	EndGlobalSection
	GlobalSection(SolutionProperties) = preSolution
		HideSolutionNode = FALSE
	EndGlobalSection
EndGlobal
