
Microsoft Visual Studio Solution File, Format Version 12.00
# Visual Studio 2012
Project("{FAE04EC0-301F-11D3-BF4B-00C04F79EFBC}") = "entero division", "entero division\entero division.csproj", "{FEA0FB10-5FDC-415E-A812-5E9B1674A37D}"
EndProject
Global
	GlobalSection(SolutionConfigurationPlatforms) = preSolution
		Debug|Any CPU = Debug|Any CPU
		Release|Any CPU = Release|Any CPU
	EndGlobalSection
	GlobalSection(ProjectConfigurationPlatforms) = postSolution
		{FEA0FB10-5FDC-415E-A812-5E9B1674A37D}.Debug|Any CPU.ActiveCfg = Debug|Any CPU
		{FEA0FB10-5FDC-415E-A812-5E9B1674A37D}.Debug|Any CPU.Build.0 = Debug|Any CPU
		{FEA0FB10-5FDC-415E-A812-5E9B1674A37D}.Release|Any CPU.ActiveCfg = Release|Any CPU
		{FEA0FB10-5FDC-415E-A812-5E9B1674A37D}.Release|Any CPU.Build.0 = Release|Any CPU
	EndGlobalSection
	GlobalSection(SolutionProperties) = preSolution
		HideSolutionNode = FALSE
	EndGlobalSection
EndGlobal
